# THIS IS AN AUTOGENERATED FILE. DO NOT EDIT THIS FILE DIRECTLY.
# yarn lockfile v1


accepts@~1.1.2:
  version "1.1.4"
  resolved "https://registry.npmjs.org/accepts/-/accepts-1.1.4.tgz#d71c96f7d41d0feda2c38cd14e8a27c04158df4a"
  integrity sha1-1xyW99QdD+2iw4zRToonwEFY30o=
  dependencies:
    mime-types "~2.0.4"
    negotiator "0.4.9"

align-text@^0.1.1, align-text@^0.1.3:
  version "0.1.4"
  resolved "https://registry.npmjs.org/align-text/-/align-text-0.1.4.tgz#0cd90a561093f35d0a99256c22b7069433fad117"
  integrity sha1-DNkKVhCT810KmSVsIrcGlDP60Rc=
  dependencies:
    kind-of "^3.0.2"
    longest "^1.0.1"
    repeat-string "^1.5.2"

amdefine@>=0.0.4:
  version "1.0.1"
  resolved "https://registry.npmjs.org/amdefine/-/amdefine-1.0.1.tgz#4a5282ac164729e93619bcfd3ad151f817ce91f5"
  integrity sha1-SlKCrBZHKek2Gbz9OtFR+BfOkfU=

async@~0.2.6:
  version "0.2.10"
  resolved "https://registry.npmjs.org/async/-/async-0.2.10.tgz#b6bbe0b0674b9d719708ca38de8c237cb526c3d1"
  integrity sha1-trvgsGdLnXGXCMo43owjfLUmw9E=

balanced-match@^1.0.0:
  version "1.0.0"
  resolved "https://registry.npmjs.org/balanced-match/-/balanced-match-1.0.0.tgz#89b4d199ab2bee49de164ea02b89ce462d71b767"
  integrity sha1-ibTRmasr7kneFk6gK4nORi1xt2c=

basic-auth@1.0.0:
  version "1.0.0"
  resolved "https://registry.npmjs.org/basic-auth/-/basic-auth-1.0.0.tgz#111b2d9ff8e4e6d136b8c84ea5e096cb87351637"
  integrity sha1-ERstn/jk5tE2uMhOpeCWy4c1Fjc=

body-parser@~1.8.1:
  version "1.8.4"
  resolved "https://registry.npmjs.org/body-parser/-/body-parser-1.8.4.tgz#d497e04bc13b3f9a8bd8c70bb0cdc16f2e028898"
  integrity sha1-1JfgS8E7P5qL2McLsM3Bby4CiJg=
  dependencies:
    bytes "1.0.0"
    depd "0.4.5"
    iconv-lite "0.4.4"
    media-typer "0.3.0"
    on-finished "2.1.0"
    qs "2.2.4"
    raw-body "1.3.0"
    type-is "~1.5.1"

brace-expansion@^1.1.7:
  version "1.1.11"
  resolved "https://registry.npmjs.org/brace-expansion/-/brace-expansion-1.1.11.tgz#3c7fcbf529d87226f3d2f52b966ff5271eb441dd"
  integrity sha512-iCuPHDFgrHX7H2vEI/5xpz07zSHB00TpugqhmYtVmMO6518mCuRMoOYFldEBl0g187ufozdaHgWKcYFb61qGiA==
  dependencies:
    balanced-match "^1.0.0"
    concat-map "0.0.1"

bytes@1, bytes@1.0.0:
  version "1.0.0"
  resolved "https://registry.npmjs.org/bytes/-/bytes-1.0.0.tgz#3569ede8ba34315fab99c3e92cb04c7220de1fa8"
  integrity sha1-NWnt6Lo0MV+rmcPpLLBMciDeH6g=

camelcase@^1.0.2:
  version "1.2.1"
  resolved "https://registry.npmjs.org/camelcase/-/camelcase-1.2.1.tgz#9bb5304d2e0b56698b2c758b08a3eaa9daa58a39"
  integrity sha1-m7UwTS4LVmmLLHWLCKPqqdqlijk=

center-align@^0.1.1:
  version "0.1.3"
  resolved "https://registry.npmjs.org/center-align/-/center-align-0.1.3.tgz#aa0d32629b6ee972200411cbd4461c907bc2b7ad"
  integrity sha1-qg0yYptu6XIgBBHL1EYckHvCt60=
  dependencies:
    align-text "^0.1.3"
    lazy-cache "^1.0.3"

character-parser@1.2.0:
  version "1.2.0"
  resolved "https://registry.npmjs.org/character-parser/-/character-parser-1.2.0.tgz#94134d6e5d870a39be359f7d22460935184ddef6"
  integrity sha1-lBNNbl2HCjm+NZ99IkYJNRhN3vY=

clean-css@^3.4.20:
  version "3.4.28"
  resolved "https://registry.npmjs.org/clean-css/-/clean-css-3.4.28.tgz#bf1945e82fc808f55695e6ddeaec01400efd03ff"
  integrity sha1-vxlF6C/ICPVWlebd6uwBQA79A/8=
  dependencies:
    commander "2.8.x"
    source-map "0.4.x"

cliui@^2.1.0:
  version "2.1.0"
  resolved "https://registry.npmjs.org/cliui/-/cliui-2.1.0.tgz#4b475760ff80264c762c3a1719032e91c7fea0d1"
  integrity sha1-S0dXYP+AJkx2LDoXGQMukcf+oNE=
  dependencies:
    center-align "^0.1.1"
    right-align "^0.1.1"
    wordwrap "0.0.2"

commander@2.1.0:
  version "2.1.0"
  resolved "https://registry.npmjs.org/commander/-/commander-2.1.0.tgz#d121bbae860d9992a3d517ba96f56588e47c6781"
  integrity sha1-0SG7roYNmZKj1Re6lvVliOR8Z4E=

commander@2.8.x:
  version "2.8.1"
  resolved "https://registry.npmjs.org/commander/-/commander-2.8.1.tgz#06be367febfda0c330aa1e2a072d3dc9762425d4"
  integrity sha1-Br42f+v9oMMwqh4qBy09yXYkJdQ=
  dependencies:
    graceful-readlink ">= 1.0.0"

concat-map@0.0.1:
  version "0.0.1"
  resolved "https://registry.npmjs.org/concat-map/-/concat-map-0.0.1.tgz#d8a96bd77fd68df7793a73036a3ba0d5405d477b"
  integrity sha1-2Klr13/Wjfd5OnMDajug1UBdR3s=

constantinople@~2.0.0:
  version "2.0.1"
  resolved "https://registry.npmjs.org/constantinople/-/constantinople-2.0.1.tgz#5829f856f301a9bdb107d935f77d8eb8ccec4c79"
  integrity sha1-WCn4VvMBqb2xB9k1932OuMzsTHk=
  dependencies:
    uglify-js "~2.4.0"

cookie-parser@~1.3.3:
  version "1.3.5"
  resolved "https://registry.npmjs.org/cookie-parser/-/cookie-parser-1.3.5.tgz#9d755570fb5d17890771227a02314d9be7cf8356"
  integrity sha1-nXVVcPtdF4kHcSJ6AjFNm+fPg1Y=
  dependencies:
    cookie "0.1.3"
    cookie-signature "1.0.6"

cookie-signature@1.0.5:
  version "1.0.5"
  resolved "https://registry.npmjs.org/cookie-signature/-/cookie-signature-1.0.5.tgz#a122e3f1503eca0f5355795b0711bb2368d450f9"
  integrity sha1-oSLj8VA+yg9TVXlbBxG7I2jUUPk=

cookie-signature@1.0.6:
  version "1.0.6"
  resolved "https://registry.npmjs.org/cookie-signature/-/cookie-signature-1.0.6.tgz#e303a882b342cc3ee8ca513a79999734dab3ae2c"
  integrity sha1-4wOogrNCzD7oylE6eZmXNNqzriw=

cookie@0.1.2:
  version "0.1.2"
  resolved "https://registry.npmjs.org/cookie/-/cookie-0.1.2.tgz#72fec3d24e48a3432073d90c12642005061004b1"
  integrity sha1-cv7D0k5Io0Mgc9kMEmQgBQYQBLE=

cookie@0.1.3:
  version "0.1.3"
  resolved "https://registry.npmjs.org/cookie/-/cookie-0.1.3.tgz#e734a5c1417fce472d5aef82c381cabb64d1a435"
  integrity sha1-5zSlwUF/zkctWu+Cw4HKu2TRpDU=

crc@3.0.0:
  version "3.0.0"
  resolved "https://registry.npmjs.org/crc/-/crc-3.0.0.tgz#d11e97ec44a844e5eb15a74fa2c7875d0aac4b22"
  integrity sha1-0R6X7ESoROXrFadPoseHXQqsSyI=

crc@3.2.1:
  version "3.2.1"
  resolved "https://registry.npmjs.org/crc/-/crc-3.2.1.tgz#5d9c8fb77a245cd5eca291e5d2d005334bab0082"
  integrity sha1-XZyPt3okXNXsopHl0tAFM0urAII=

css-parse@1.0.4:
  version "1.0.4"
  resolved "https://registry.npmjs.org/css-parse/-/css-parse-1.0.4.tgz#38b0503fbf9da9f54e9c1dbda60e145c77117bdd"
  integrity sha1-OLBQP7+dqfVOnB29pg4UXHcRe90=

css-parse@1.7.x:
  version "1.7.0"
  resolved "https://registry.npmjs.org/css-parse/-/css-parse-1.7.0.tgz#321f6cf73782a6ff751111390fc05e2c657d8c9b"
  integrity sha1-Mh9s9zeCpv91ERE5D8BeLGV9jJs=

css-stringify@1.0.5:
  version "1.0.5"
  resolved "https://registry.npmjs.org/css-stringify/-/css-stringify-1.0.5.tgz#b0d042946db2953bb9d292900a6cb5f6d0122031"
  integrity sha1-sNBClG2ylTu50pKQCmy19tASIDE=

css@~1.0.8:
  version "1.0.8"
  resolved "https://registry.npmjs.org/css/-/css-1.0.8.tgz#9386811ca82bccc9ee7fb5a732b1e2a317c8a3e7"
  integrity sha1-k4aBHKgrzMnuf7WnMrHioxfIo+c=
  dependencies:
    css-parse "1.0.4"
    css-stringify "1.0.5"

debug@*:
  version "4.1.1"
  resolved "https://registry.npmjs.org/debug/-/debug-4.1.1.tgz#3b72260255109c6b589cee050f1d516139664791"
  integrity sha512-pYAIzeRo8J6KPEaJ0VWOh5Pzkbw/RetuzehGM7QRRX5he4fPHx2rdKMB256ehJCkX+XRQm16eZLqLNS8RSZXZw==
  dependencies:
    ms "^2.1.1"

debug@~2.0.0:
  version "2.0.0"
  resolved "https://registry.npmjs.org/debug/-/debug-2.0.0.tgz#89bd9df6732b51256bc6705342bba02ed12131ef"
  integrity sha1-ib2d9nMrUSVrxnBTQrugLtEhMe8=
  dependencies:
    ms "0.6.2"

debug@~2.6.9:
  version "2.6.9"
  resolved "https://registry.npmjs.org/debug/-/debug-2.6.9.tgz#5d128515df134ff327e90a4c93f4e077a536341f"
  integrity sha512-bC7ElrdJaJnPbAP+1EotYvqZsb3ecl5wi6Bfi6BJTUcNowp6cvspg0jXznRTKDjm/E7AdgFBVeAPVMNcKGsHMA==
  dependencies:
    ms "2.0.0"

decamelize@^1.0.0:
  version "1.2.0"
  resolved "https://registry.npmjs.org/decamelize/-/decamelize-1.2.0.tgz#f6534d15148269b20352e7bee26f501f9a191290"
  integrity sha1-9lNNFRSCabIDUue+4m9QH5oZEpA=

depd@0.4.5:
  version "0.4.5"
  resolved "https://registry.npmjs.org/depd/-/depd-0.4.5.tgz#1a664b53388b4a6573e8ae67b5f767c693ca97f1"
  integrity sha1-GmZLUziLSmVz6K5ntfdnxpPKl/E=

destroy@1.0.3:
  version "1.0.3"
  resolved "https://registry.npmjs.org/destroy/-/destroy-1.0.3.tgz#b433b4724e71fd8551d9885174851c5fc377e2c9"
  integrity sha1-tDO0ck5x/YVR2YhRdIUcX8N34sk=

ee-first@1.0.5:
  version "1.0.5"
  resolved "https://registry.npmjs.org/ee-first/-/ee-first-1.0.5.tgz#8c9b212898d8cd9f1a9436650ce7be202c9e9ff0"
  integrity sha1-jJshKJjYzZ8alDZlDOe+ICyen/A=

ee-first@1.1.0:
  version "1.1.0"
  resolved "https://registry.npmjs.org/ee-first/-/ee-first-1.1.0.tgz#6a0d7c6221e490feefd92ec3f441c9ce8cd097f4"
  integrity sha1-ag18YiHkkP7v2S7D9EHJzozQl/Q=

escape-html@1.0.1:
  version "1.0.1"
  resolved "https://registry.npmjs.org/escape-html/-/escape-html-1.0.1.tgz#181a286ead397a39a92857cfb1d43052e356bff0"
  integrity sha1-GBoobq05ejmpKFfPsdQwUuNWv/A=

etag@~1.4.0:
  version "1.4.0"
  resolved "https://registry.npmjs.org/etag/-/etag-1.4.0.tgz#3050991615857707c04119d075ba2088e0701225"
  integrity sha1-MFCZFhWFdwfAQRnQdbogiOBwEiU=
  dependencies:
    crc "3.0.0"

etag@~1.5.0:
  version "1.5.1"
  resolved "https://registry.npmjs.org/etag/-/etag-1.5.1.tgz#54c50de04ee42695562925ac566588291be7e9ea"
  integrity sha1-VMUN4E7kJpVWKSWsVmWIKRvn6eo=
  dependencies:
    crc "3.2.1"

express@~4.9.0:
  version "4.9.8"
  resolved "https://registry.npmjs.org/express/-/express-4.9.8.tgz#f360f596baeabbd0e5223b603d6eb578d9d2d10d"
  integrity sha1-82D1lrrqu9DlIjtgPW61eNnS0Q0=
  dependencies:
    accepts "~1.1.2"
    cookie "0.1.2"
    cookie-signature "1.0.5"
    debug "~2.0.0"
    depd "0.4.5"
    escape-html "1.0.1"
    etag "~1.4.0"
    finalhandler "0.2.0"
    fresh "0.2.4"
    media-typer "0.3.0"
    merge-descriptors "0.0.2"
    methods "1.1.0"
    on-finished "~2.1.0"
    parseurl "~1.3.0"
    path-to-regexp "0.1.3"
    proxy-addr "~1.0.3"
    qs "2.2.4"
    range-parser "~1.0.2"
    send "0.9.3"
    serve-static "~1.6.4"
    type-is "~1.5.2"
    utils-merge "1.0.0"
    vary "~1.0.0"

finalhandler@0.2.0:
  version "0.2.0"
  resolved "https://registry.npmjs.org/finalhandler/-/finalhandler-0.2.0.tgz#794082424b17f6a4b2a0eda39f9db6948ee4be8d"
  integrity sha1-eUCCQksX9qSyoO2jn522lI7kvo0=
  dependencies:
    debug "~2.0.0"
    escape-html "1.0.1"

forwarded@~0.1.0:
  version "0.1.2"
  resolved "https://registry.npmjs.org/forwarded/-/forwarded-0.1.2.tgz#98c23dab1175657b8c0573e8ceccd91b0ff18c84"
  integrity sha1-mMI9qxF1ZXuMBXPozszZGw/xjIQ=

fresh@0.2.4:
  version "0.2.4"
  resolved "https://registry.npmjs.org/fresh/-/fresh-0.2.4.tgz#3582499206c9723714190edd74b4604feb4a614c"
  integrity sha1-NYJJkgbJcjcUGQ7ddLRgT+tKYUw=

glob@3.2.x:
  version "3.2.11"
  resolved "https://registry.npmjs.org/glob/-/glob-3.2.11.tgz#4a973f635b9190f715d10987d5c00fd2815ebe3d"
  integrity sha1-Spc/Y1uRkPcV0QmH1cAP0oFevj0=
  dependencies:
    inherits "2"
    minimatch "0.3"

"graceful-readlink@>= 1.0.0":
  version "1.0.1"
  resolved "https://registry.npmjs.org/graceful-readlink/-/graceful-readlink-1.0.1.tgz#4cafad76bc62f02fa039b2f94e9a3dd3a391a725"
  integrity sha1-TK+tdrxi8C+gObL5Tpo906ORpyU=

iconv-lite@0.4.4:
  version "0.4.4"
  resolved "https://registry.npmjs.org/iconv-lite/-/iconv-lite-0.4.4.tgz#e95f2e41db0735fc21652f7827a5ee32e63c83a8"
  integrity sha1-6V8uQdsHNfwhZS94J6XuMuY8g6g=

inherits@2:
  version "2.0.4"
  resolved "https://registry.npmjs.org/inherits/-/inherits-2.0.4.tgz#0fa2c64f932917c3433a0ded55363aae37416b7c"
  integrity sha512-k/vGaX4/Yla3WzyMCvTQOXYeIHvqOKtnqBduzTHpzpQZzAskKMhZ2K+EnBiSM9zGSoIFeMpXKxa4dYeZIQqewQ==

ipaddr.js@1.0.5:
  version "1.0.5"
  resolved "https://registry.npmjs.org/ipaddr.js/-/ipaddr.js-1.0.5.tgz#5fa78cf301b825c78abc3042d812723049ea23c7"
  integrity sha1-X6eM8wG4JceKvDBC2BJyMEnqI8c=

is-buffer@^1.1.5:
  version "1.1.6"
  resolved "https://registry.npmjs.org/is-buffer/-/is-buffer-1.1.6.tgz#efaa2ea9daa0d7ab2ea13a97b2b8ad51fefbe8be"
  integrity sha512-NcdALwpXkTm5Zvvbk7owOUSvVvBKDgKP5/ewfXEznmQFfs4ZRmanOeKBTjRVjka3QFoN6XJ+9F3USqfHqTaU5w==

is-promise@~1:
  version "1.0.1"
  resolved "https://registry.npmjs.org/is-promise/-/is-promise-1.0.1.tgz#31573761c057e33c2e91aab9e96da08cefbe76e5"
  integrity sha1-MVc3YcBX4zwukaq56W2gjO++duU=

jade@~1.6.0:
  version "1.6.0"
  resolved "https://registry.npmjs.org/jade/-/jade-1.6.0.tgz#c02540cd97b1014db3c15743746bc3dcd54170f9"
  integrity sha1-wCVAzZexAU2zwVdDdGvD3NVBcPk=
  dependencies:
    character-parser "1.2.0"
    commander "2.1.0"
    constantinople "~2.0.0"
    mkdirp "~0.5.0"
    monocle "1.1.51"
    transformers "2.1.0"
    void-elements "~1.0.0"
    with "~3.0.0"

kind-of@^3.0.2:
  version "3.2.2"
  resolved "https://registry.npmjs.org/kind-of/-/kind-of-3.2.2.tgz#31ea21a734bab9bbb0f32466d893aea51e4a3c64"
  integrity sha1-MeohpzS6ubuw8yRm2JOupR5KPGQ=
  dependencies:
    is-buffer "^1.1.5"

lazy-cache@^1.0.3:
  version "1.0.4"
  resolved "https://registry.npmjs.org/lazy-cache/-/lazy-cache-1.0.4.tgz#a1d78fc3a50474cb80845d3b3b6e1da49a446e8e"
  integrity sha1-odePw6UEdMuAhF07O24dpJpEbo4=

longest@^1.0.1:
  version "1.0.1"
  resolved "https://registry.npmjs.org/longest/-/longest-1.0.1.tgz#30a0b2da38f73770e8294a0d22e6625ed77d0097"
  integrity sha1-MKCy2jj3N3DoKUoNIuZiXtd9AJc=

lru-cache@2:
  version "2.7.3"
  resolved "https://registry.npmjs.org/lru-cache/-/lru-cache-2.7.3.tgz#6d4524e8b955f95d4f5b58851ce21dd72fb4e952"
  integrity sha1-bUUk6LlV+V1PW1iFHOId1y+06VI=

media-typer@0.3.0:
  version "0.3.0"
  resolved "https://registry.npmjs.org/media-typer/-/media-typer-0.3.0.tgz#8710d7af0aa626f8fffa1ce00168545263255748"
  integrity sha1-hxDXrwqmJvj/+hzgAWhUUmMlV0g=

merge-descriptors@0.0.2:
  version "0.0.2"
  resolved "https://registry.npmjs.org/merge-descriptors/-/merge-descriptors-0.0.2.tgz#c36a52a781437513c57275f39dd9d317514ac8c7"
  integrity sha1-w2pSp4FDdRPFcnXzndnTF1FKyMc=

methods@1.1.0:
  version "1.1.0"
  resolved "https://registry.npmjs.org/methods/-/methods-1.1.0.tgz#5dca4ee12df52ff3b056145986a8f01cbc86436f"
  integrity sha1-XcpO4S31L/OwVhRZhqjwHLyGQ28=

mime-db@~1.12.0:
  version "1.12.0"
  resolved "https://registry.npmjs.org/mime-db/-/mime-db-1.12.0.tgz#3d0c63180f458eb10d325aaa37d7c58ae312e9d7"
  integrity sha1-PQxjGA9FjrENMlqqN9fFiuMS6dc=

mime-types@~2.0.4, mime-types@~2.0.9:
  version "2.0.14"
  resolved "https://registry.npmjs.org/mime-types/-/mime-types-2.0.14.tgz#310e159db23e077f8bb22b748dabfa4957140aa6"
  integrity sha1-MQ4VnbI+B3+Lsit0jav6SVcUCqY=
  dependencies:
    mime-db "~1.12.0"

mime@1.2.11:
  version "1.2.11"
  resolved "https://registry.npmjs.org/mime/-/mime-1.2.11.tgz#58203eed86e3a5ef17aed2b7d9ebd47f0a60dd10"
  integrity sha1-WCA+7Ybjpe8XrtK32evUfwpg3RA=

minimatch@0.3:
  version "0.3.0"
  resolved "https://registry.npmjs.org/minimatch/-/minimatch-0.3.0.tgz#275d8edaac4f1bb3326472089e7949c8394699dd"
  integrity sha1-J12O2qxPG7MyZHIInnlJyDlGmd0=
  dependencies:
    lru-cache "2"
    sigmund "~1.0.0"

minimatch@>=0.2.4:
  version "3.0.4"
  resolved "https://registry.npmjs.org/minimatch/-/minimatch-3.0.4.tgz#5166e286457f03306064be5497e8dbb0c3d32083"
  integrity sha512-yJHVQEhyqPLUTgt9B83PXu6W3rx4MvvHvSUvToogpwoGDOUQ+yDrR0HRot+yOCdCO7u4hX3pWft6kWBBcqh0UA==
  dependencies:
    brace-expansion "^1.1.7"

minimist@0.0.8:
  version "0.0.8"
  resolved "https://registry.npmjs.org/minimist/-/minimist-0.0.8.tgz#857fcabfc3397d2625b8228262e86aa7a011b05d"
  integrity sha1-hX/Kv8M5fSYluCKCYuhqp6ARsF0=

minimist@~0.0.1:
  version "0.0.10"
  resolved "https://registry.npmjs.org/minimist/-/minimist-0.0.10.tgz#de3f98543dbf96082be48ad1a0c7cda836301dcf"
  integrity sha1-3j+YVD2/lggr5IrRoMfNqDYwHc8=

mkdirp@0.3.x:
  version "0.3.5"
  resolved "https://registry.npmjs.org/mkdirp/-/mkdirp-0.3.5.tgz#de3e5f8961c88c787ee1368df849ac4413eca8d7"
  integrity sha1-3j5fiWHIjHh+4TaN+EmsRBPsqNc=

mkdirp@~0.5.0:
  version "0.5.1"
  resolved "https://registry.npmjs.org/mkdirp/-/mkdirp-0.5.1.tgz#30057438eac6cf7f8c4767f38648d6697d75c903"
  integrity sha1-MAV0OOrGz3+MR2fzhkjWaX11yQM=
  dependencies:
    minimist "0.0.8"

monocle@1.1.51:
  version "1.1.51"
  resolved "https://registry.npmjs.org/monocle/-/monocle-1.1.51.tgz#22ed16e112e9b056769c5ccac920e375249d89c0"
  integrity sha1-Iu0W4RLpsFZ2nFzKySDjdSSdicA=
  dependencies:
    readdirp "~0.2.3"

morgan@~1.3.0:
  version "1.3.2"
  resolved "https://registry.npmjs.org/morgan/-/morgan-1.3.2.tgz#ac41aa15221ee4e5f2ac843896b6918139a18efd"
  integrity sha1-rEGqFSIe5OXyrIQ4lraRgTmhjv0=
  dependencies:
    basic-auth "1.0.0"
    depd "0.4.5"
    on-finished "2.1.0"

ms@0.6.2:
  version "0.6.2"
  resolved "https://registry.npmjs.org/ms/-/ms-0.6.2.tgz#d89c2124c6fdc1353d65a8b77bf1aac4b193708c"
  integrity sha1-2JwhJMb9wTU9Zai3e/GqxLGTcIw=

ms@2.0.0:
  version "2.0.0"
  resolved "https://registry.npmjs.org/ms/-/ms-2.0.0.tgz#5608aeadfc00be6c2901df5f9861788de0d597c8"
  integrity sha1-VgiurfwAvmwpAd9fmGF4jeDVl8g=

ms@^2.1.1:
  version "2.1.2"
  resolved "https://registry.npmjs.org/ms/-/ms-2.1.2.tgz#d09d1f357b443f493382a8eb3ccd183872ae6009"
  integrity sha512-sGkPx+VjMtmA6MX27oA4FBFELFCZZ4S4XqeGOXCv68tT+jb3vk/RyaKWP0PTKyWtmLSM0b+adUTEvbs1PEaH2w==

negotiator@0.4.9:
  version "0.4.9"
  resolved "https://registry.npmjs.org/negotiator/-/negotiator-0.4.9.tgz#92e46b6db53c7e421ed64a2bc94f08be7630df3f"
  integrity sha1-kuRrbbU8fkIe1koryU8IvnYw3z8=

nodejs-websocket@^1.6.0:
  version "1.7.2"
  resolved "https://registry.npmjs.org/nodejs-websocket/-/nodejs-websocket-1.7.2.tgz#94abd1e248f57d4d1c663dec3831015c6dad98a6"
  integrity sha512-PFX6ypJcCNDs7obRellR0DGTebfUhw1SXGKe2zpB+Ng1DQJhdzbzx1ob+AvJCLzy2TJF4r8cCDqMQqei1CZdPQ==

on-finished@2.1.0:
  version "2.1.0"
  resolved "https://registry.npmjs.org/on-finished/-/on-finished-2.1.0.tgz#0c539f09291e8ffadde0c8a25850fb2cedc7022d"
  integrity sha1-DFOfCSkej/rd4MiiWFD7LO3HAi0=
  dependencies:
    ee-first "1.0.5"

on-finished@~2.1.0:
  version "2.1.1"
  resolved "https://registry.npmjs.org/on-finished/-/on-finished-2.1.1.tgz#f82ca1c9e3a4f3286b1b9938610e5b8636bd3cb2"
  integrity sha1-+CyhyeOk8yhrG5k4YQ5bhja9PLI=
  dependencies:
    ee-first "1.1.0"

optimist@~0.3.5:
  version "0.3.7"
  resolved "https://registry.npmjs.org/optimist/-/optimist-0.3.7.tgz#c90941ad59e4273328923074d2cf2e7cbc6ec0d9"
  integrity sha1-yQlBrVnkJzMokjB00s8ufLxuwNk=
  dependencies:
    wordwrap "~0.0.2"

optimist@~0.6:
  version "0.6.1"
  resolved "https://registry.npmjs.org/optimist/-/optimist-0.6.1.tgz#da3ea74686fa21a19a111c326e90eb15a0196686"
  integrity sha1-2j6nRob6IaGaERwybpDrFaAZZoY=
  dependencies:
    minimist "~0.0.1"
    wordwrap "~0.0.2"

options@>=0.0.5:
  version "0.0.6"
  resolved "https://registry.npmjs.org/options/-/options-0.0.6.tgz#ec22d312806bb53e731773e7cdaefcf1c643128f"
  integrity sha1-7CLTEoBrtT5zF3Pnza788cZDEo8=

parseurl@~1.3.0:
  version "1.3.3"
  resolved "https://registry.npmjs.org/parseurl/-/parseurl-1.3.3.tgz#9da19e7bee8d12dff0513ed5b76957793bc2e8d4"
  integrity sha512-CiyeOxFT/JZyN5m0z9PfXw4SCBJ6Sygz1Dpl0wqjlhDEGGBP1GnsUVEL0p63hoG1fcj3fHynXi9NYO4nWOL+qQ==

path-to-regexp@0.1.3:
  version "0.1.3"
  resolved "https://registry.npmjs.org/path-to-regexp/-/path-to-regexp-0.1.3.tgz#21b9ab82274279de25b156ea08fd12ca51b8aecb"
  integrity sha1-IbmrgidCed4lsVbqCP0SylG4rss=

promise@~2.0:
  version "2.0.0"
  resolved "https://registry.npmjs.org/promise/-/promise-2.0.0.tgz#46648aa9d605af5d2e70c3024bf59436da02b80e"
  integrity sha1-RmSKqdYFr10ucMMCS/WUNtoCuA4=
  dependencies:
    is-promise "~1"

proxy-addr@~1.0.3:
  version "1.0.10"
  resolved "https://registry.npmjs.org/proxy-addr/-/proxy-addr-1.0.10.tgz#0d40a82f801fc355567d2ecb65efe3f077f121c5"
  integrity sha1-DUCoL4Afw1VWfS7LZe/j8HfxIcU=
  dependencies:
    forwarded "~0.1.0"
    ipaddr.js "1.0.5"

qs@2.2.4:
  version "2.2.4"
  resolved "https://registry.npmjs.org/qs/-/qs-2.2.4.tgz#2e9fbcd34b540e3421c924ecd01e90aa975319c8"
  integrity sha1-Lp+800tUDjQhySTs0B6QqpdTGcg=

range-parser@~1.0.2:
  version "1.0.3"
  resolved "https://registry.npmjs.org/range-parser/-/range-parser-1.0.3.tgz#6872823535c692e2c2a0103826afd82c2e0ff175"
  integrity sha1-aHKCNTXGkuLCoBA4Jq/YLC4P8XU=

raw-body@1.3.0:
  version "1.3.0"
  resolved "https://registry.npmjs.org/raw-body/-/raw-body-1.3.0.tgz#978230a156a5548f42eef14de22d0f4f610083d1"
  integrity sha1-l4IwoValVI9C7vFN4i0PT2EAg9E=
  dependencies:
    bytes "1"
    iconv-lite "0.4.4"

readdirp@~0.2.3:
  version "0.2.5"
  resolved "https://registry.npmjs.org/readdirp/-/readdirp-0.2.5.tgz#c4c276e52977ae25db5191fe51d008550f15d9bb"
  integrity sha1-xMJ25Sl3riXbUZH+UdAIVQ8V2bs=
  dependencies:
    minimatch ">=0.2.4"

repeat-string@^1.5.2:
  version "1.6.1"
  resolved "https://registry.npmjs.org/repeat-string/-/repeat-string-1.6.1.tgz#8dcae470e1c88abc2d600fff4a776286da75e637"
  integrity sha1-jcrkcOHIirwtYA//Sndihtp15jc=

right-align@^0.1.1:
  version "0.1.3"
  resolved "https://registry.npmjs.org/right-align/-/right-align-0.1.3.tgz#61339b722fe6a3515689210d24e14c96148613ef"
  integrity sha1-YTObci/mo1FWiSENJOFMlhSGE+8=
  dependencies:
    align-text "^0.1.1"

sax@0.5.x:
  version "0.5.8"
  resolved "https://registry.npmjs.org/sax/-/sax-0.5.8.tgz#d472db228eb331c2506b0e8c15524adb939d12c1"
  integrity sha1-1HLbIo6zMcJQaw6MFVJK25OdEsE=

send@0.9.3:
  version "0.9.3"
  resolved "https://registry.npmjs.org/send/-/send-0.9.3.tgz#b43a7414cd089b7fbec9b755246f7c37b7b85cc0"
  integrity sha1-tDp0FM0Im3++ybdVJG98N7e4XMA=
  dependencies:
    debug "~2.0.0"
    depd "0.4.5"
    destroy "1.0.3"
    escape-html "1.0.1"
    etag "~1.4.0"
    fresh "0.2.4"
    mime "1.2.11"
    ms "0.6.2"
    on-finished "2.1.0"
    range-parser "~1.0.2"

serve-favicon@~2.1.3:
  version "2.1.7"
  resolved "https://registry.npmjs.org/serve-favicon/-/serve-favicon-2.1.7.tgz#7b911c0ea4c0f9a2ad686daa5222766f7bc7db79"
  integrity sha1-e5EcDqTA+aKtaG2qUiJ2b3vH23k=
  dependencies:
    etag "~1.5.0"
    fresh "0.2.4"
    ms "0.6.2"

serve-static@~1.6.4:
  version "1.6.5"
  resolved "https://registry.npmjs.org/serve-static/-/serve-static-1.6.5.tgz#aca17e0deac4a87729f6078781b7d27f63aa3d9c"
  integrity sha1-rKF+DerEqHcp9geHgbfSf2OqPZw=
  dependencies:
    escape-html "1.0.1"
    parseurl "~1.3.0"
    send "0.9.3"
    utils-merge "1.0.0"

sigmund@~1.0.0:
  version "1.0.1"
  resolved "https://registry.npmjs.org/sigmund/-/sigmund-1.0.1.tgz#3ff21f198cad2175f9f3b781853fd94d0d19b590"
  integrity sha1-P/IfGYytIXX587eBhT/ZTQ0ZtZA=

source-map@0.1.34:
  version "0.1.34"
  resolved "https://registry.npmjs.org/source-map/-/source-map-0.1.34.tgz#a7cfe89aec7b1682c3b198d0acfb47d7d090566b"
  integrity sha1-p8/omux7FoLDsZjQrPtH19CQVms=
  dependencies:
    amdefine ">=0.0.4"

source-map@0.4.x:
  version "0.4.4"
  resolved "https://registry.npmjs.org/source-map/-/source-map-0.4.4.tgz#eba4f5da9c0dc999de68032d8b4f76173652036b"
  integrity sha1-66T12pwNyZneaAMti092FzZSA2s=
  dependencies:
    amdefine ">=0.0.4"

source-map@~0.1.7:
  version "0.1.43"
  resolved "https://registry.npmjs.org/source-map/-/source-map-0.1.43.tgz#c24bc146ca517c1471f5dacbe2571b2b7f9e3346"
  integrity sha1-wkvBRspRfBRx9drL4lcbK3+eM0Y=
  dependencies:
    amdefine ">=0.0.4"

source-map@~0.5.1:
  version "0.5.7"
  resolved "https://registry.npmjs.org/source-map/-/source-map-0.5.7.tgz#8a039d2d1021d22d1ea14c80d8ea468ba2ef3fcc"
  integrity sha1-igOdLRAh0i0eoUyA2OpGi6LvP8w=

stylus@0.42.3:
  version "0.42.3"
  resolved "https://registry.npmjs.org/stylus/-/stylus-0.42.3.tgz#23e8b3e71eb7f60bc4a657de498c8feb9c366c32"
  integrity sha1-I+iz5x639gvEplfeSYyP65w2bDI=
  dependencies:
    css-parse "1.7.x"
    debug "*"
    glob "3.2.x"
    mkdirp "0.3.x"
    sax "0.5.x"

swig@^1.4.2:
  version "1.4.2"
  resolved "https://registry.npmjs.org/swig/-/swig-1.4.2.tgz#4085ca0453369104b5d483e2841b39b7ae1aaba5"
  integrity sha1-QIXKBFM2kQS11IPihBs5t64aq6U=
  dependencies:
    optimist "~0.6"
    uglify-js "~2.4"

transformers@2.1.0:
  version "2.1.0"
  resolved "https://registry.npmjs.org/transformers/-/transformers-2.1.0.tgz#5d23cb35561dd85dc67fb8482309b47d53cce9a7"
  integrity sha1-XSPLNVYd2F3Gf7hIIwm0fVPM6ac=
  dependencies:
    css "~1.0.8"
    promise "~2.0"
    uglify-js "~2.2.5"

type-is@~1.5.1, type-is@~1.5.2:
  version "1.5.7"
  resolved "https://registry.npmjs.org/type-is/-/type-is-1.5.7.tgz#b9368a593cc6ef7d0645e78b2f4c64cbecd05e90"
  integrity sha1-uTaKWTzG730GReeLL0xky+zQXpA=
  dependencies:
    media-typer "0.3.0"
    mime-types "~2.0.9"

uglify-js@^2.7.3:
  version "2.8.29"
  resolved "https://registry.npmjs.org/uglify-js/-/uglify-js-2.8.29.tgz#29c5733148057bb4e1f75df35b7a9cb72e6a59dd"
  integrity sha1-KcVzMUgFe7Th913zW3qcty5qWd0=
  dependencies:
    source-map "~0.5.1"
    yargs "~3.10.0"
  optionalDependencies:
    uglify-to-browserify "~1.0.0"

uglify-js@~2.2.5:
  version "2.2.5"
  resolved "https://registry.npmjs.org/uglify-js/-/uglify-js-2.2.5.tgz#a6e02a70d839792b9780488b7b8b184c095c99c7"
  integrity sha1-puAqcNg5eSuXgEiLe4sYTAlcmcc=
  dependencies:
    optimist "~0.3.5"
    source-map "~0.1.7"

uglify-js@~2.4, uglify-js@~2.4.0, uglify-js@~2.4.12:
  version "2.4.24"
  resolved "https://registry.npmjs.org/uglify-js/-/uglify-js-2.4.24.tgz#fad5755c1e1577658bb06ff9ab6e548c95bebd6e"
  integrity sha1-+tV1XB4Vd2WLsG/5q25UjJW+vW4=
  dependencies:
    async "~0.2.6"
    source-map "0.1.34"
    uglify-to-browserify "~1.0.0"
    yargs "~3.5.4"

uglify-to-browserify@~1.0.0:
  version "1.0.2"
  resolved "https://registry.npmjs.org/uglify-to-browserify/-/uglify-to-browserify-1.0.2.tgz#6e0924d6bda6b5afe349e39a6d632850a0f882b7"
  integrity sha1-bgkk1r2mta/jSeOabWMoUKD4grc=

ultron@1.0.x:
  version "1.0.2"
  resolved "https://registry.npmjs.org/ultron/-/ultron-1.0.2.tgz#ace116ab557cd197386a4e88f4685378c8b2e4fa"
  integrity sha1-rOEWq1V80Zc4ak6I9GhTeMiy5Po=

utils-merge@1.0.0:
  version "1.0.0"
  resolved "https://registry.npmjs.org/utils-merge/-/utils-merge-1.0.0.tgz#0294fb922bb9375153541c4f7096231f287c8af8"
  integrity sha1-ApT7kiu5N1FTVBxPcJYjHyh8ivg=

vary@~1.0.0:
  version "1.0.1"
  resolved "https://registry.npmjs.org/vary/-/vary-1.0.1.tgz#99e4981566a286118dfb2b817357df7993376d10"
  integrity sha1-meSYFWaihhGN+yuBc1ffeZM3bRA=

void-elements@~1.0.0:
  version "1.0.0"
  resolved "https://registry.npmjs.org/void-elements/-/void-elements-1.0.0.tgz#6e5db1e35d591f5ac690ce1a340f793a817b2c2a"
  integrity sha1-bl2x411ZH1rGkM4aNA95OoF7LCo=

window-size@0.1.0:
  version "0.1.0"
  resolved "https://registry.npmjs.org/window-size/-/window-size-0.1.0.tgz#5438cd2ea93b202efa3a19fe8887aee7c94f9c9d"
  integrity sha1-VDjNLqk7IC76Ohn+iIeu58lPnJ0=

with@~3.0.0:
  version "3.0.1"
  resolved "https://registry.npmjs.org/with/-/with-3.0.1.tgz#08354da410243cf6173fb142bb04e6c66f96f854"
  integrity sha1-CDVNpBAkPPYXP7FCuwTmxm+W+FQ=
  dependencies:
    uglify-js "~2.4.12"

wordwrap@0.0.2:
  version "0.0.2"
  resolved "https://registry.npmjs.org/wordwrap/-/wordwrap-0.0.2.tgz#b79669bb42ecb409f83d583cad52ca17eaa1643f"
  integrity sha1-t5Zpu0LstAn4PVg8rVLKF+qhZD8=

wordwrap@~0.0.2:
  version "0.0.3"
  resolved "https://registry.npmjs.org/wordwrap/-/wordwrap-0.0.3.tgz#a3d5da6cd5c0bc0008d37234bbaf1bed63059107"
  integrity sha1-o9XabNXAvAAI03I0u68b7WMFkQc=

ws@^1.1.1:
  version "1.1.5"
  resolved "https://registry.npmjs.org/ws/-/ws-1.1.5.tgz#cbd9e6e75e09fc5d2c90015f21f0c40875e0dd51"
  integrity sha512-o3KqipXNUdS7wpQzBHSe180lBGO60SoK0yVo3CYJgb2MkobuWuBX6dhkYP5ORCLd55y+SaflMOV5fqAB53ux4w==
  dependencies:
    options ">=0.0.5"
    ultron "1.0.x"

yargs@~3.10.0:
  version "3.10.0"
  resolved "https://registry.npmjs.org/yargs/-/yargs-3.10.0.tgz#f7ee7bd857dd7c1d2d38c0e74efbd681d1431fd1"
  integrity sha1-9+572FfdfB0tOMDnTvvWgdFDH9E=
  dependencies:
    camelcase "^1.0.2"
    cliui "^2.1.0"
    decamelize "^1.0.0"
    window-size "0.1.0"

yargs@~3.5.4:
  version "3.5.4"
  resolved "https://registry.npmjs.org/yargs/-/yargs-3.5.4.tgz#d8aff8f665e94c34bd259bdebd1bfaf0ddd35361"
  integrity sha1-2K/49mXpTDS9JZvevRv68N3TU2E=
  dependencies:
    camelcase "^1.0.2"
    decamelize "^1.0.0"
    window-size "0.1.0"
    wordwrap "0.0.2"
